
Microsoft Visual Studio Solution File, Format Version 12.00
# Visual Studio Version 16
VisualStudioVersion = 16.0.31729.503
MinimumVisualStudioVersion = 10.0.40219.1
Project("{FAE04EC0-301F-11D3-BF4B-00C04F79EFBC}") = "WebServiceTutorial.Android", "WebServiceTutorial.Android\WebServiceTutorial.Android.csproj", "{C1FF421F-991D-4FC4-BAB2-F0317091222D}"
EndProject
Project("{FAE04EC0-301F-11D3-BF4B-00C04F79EFBC}") = "WebServiceTutorial.iOS", "WebServiceTutorial.iOS\WebServiceTutorial.iOS.csproj", "{1E032E4E-B4A4-453E-B054-B9B5DF9D07A5}"
EndProject
Project("{FAE04EC0-301F-11D3-BF4B-00C04F79EFBC}") = "WebServiceTutorial", "WebServiceTutorial\WebServiceTutorial.csproj", "{F303EEE3-6015-4BC7-A228-55C9140A2A97}"
EndProject
Global
	GlobalSection(SolutionConfigurationPlatforms) = preSolution
		Debug|Any CPU = Debug|Any CPU
		Debug|iPhone = Debug|iPhone
		Debug|iPhoneSimulator = Debug|iPhoneSimulator
		Release|Any CPU = Release|Any CPU
		Release|iPhone = Release|iPhone
		Release|iPhoneSimulator = Release|iPhoneSimulator
	EndGlobalSection
	GlobalSection(ProjectConfigurationPlatforms) = postSolution
		{C1FF421F-991D-4FC4-BAB2-F0317091222D}.Debug|Any CPU.ActiveCfg = Debug|Any CPU
		{C1FF421F-991D-4FC4-BAB2-F0317091222D}.Debug|Any CPU.Build.0 = Debug|Any CPU
		{C1FF421F-991D-4FC4-BAB2-F0317091222D}.Debug|Any CPU.Deploy.0 = Debug|Any CPU
		{C1FF421F-991D-4FC4-BAB2-F0317091222D}.Debug|iPhone.ActiveCfg = Debug|Any CPU
		{C1FF421F-991D-4FC4-BAB2-F0317091222D}.Debug|iPhone.Build.0 = Debug|Any CPU
		{C1FF421F-991D-4FC4-BAB2-F0317091222D}.Debug|iPhone.Deploy.0 = Debug|Any CPU
		{C1FF421F-991D-4FC4-BAB2-F0317091222D}.Debug|iPhoneSimulator.ActiveCfg = Debug|Any CPU
		{C1FF421F-991D-4FC4-BAB2-F0317091222D}.Debug|iPhoneSimulator.Build.0 = Debug|Any CPU
		{C1FF421F-991D-4FC4-BAB2-F0317091222D}.Debug|iPhoneSimulator.Deploy.0 = Debug|Any CPU
		{C1FF421F-991D-4FC4-BAB2-F0317091222D}.Release|Any CPU.ActiveCfg = Release|Any CPU
		{C1FF421F-991D-4FC4-BAB2-F0317091222D}.Release|Any CPU.Build.0 = Release|Any CPU
		{C1FF421F-991D-4FC4-BAB2-F0317091222D}.Release|Any CPU.Deploy.0 = Release|Any CPU
		{C1FF421F-991D-4FC4-BAB2-F0317091222D}.Release|iPhone.ActiveCfg = Release|Any CPU
		{C1FF421F-991D-4FC4-BAB2-F0317091222D}.Release|iPhone.Build.0 = Release|Any CPU
		{C1FF421F-991D-4FC4-BAB2-F0317091222D}.Release|iPhone.Deploy.0 = Release|Any CPU
		{C1FF421F-991D-4FC4-BAB2-F0317091222D}.Release|iPhoneSimulator.ActiveCfg = Release|Any CPU
		{C1FF421F-991D-4FC4-BAB2-F0317091222D}.Release|iPhoneSimulator.Build.0 = Release|Any CPU
		{C1FF421F-991D-4FC4-BAB2-F0317091222D}.Release|iPhoneSimulator.Deploy.0 = Release|Any CPU
		{1E032E4E-B4A4-453E-B054-B9B5DF9D07A5}.Debug|Any CPU.ActiveCfg = Debug|iPhone
		{1E032E4E-B4A4-453E-B054-B9B5DF9D07A5}.Debug|Any CPU.Build.0 = Debug|iPhone
		{1E032E4E-B4A4-453E-B054-B9B5DF9D07A5}.Debug|Any CPU.Deploy.0 = Debug|iPhone
		{1E032E4E-B4A4-453E-B054-B9B5DF9D07A5}.Debug|iPhone.ActiveCfg = Debug|iPhone
		{1E032E4E-B4A4-453E-B054-B9B5DF9D07A5}.Debug|iPhone.Build.0 = Debug|iPhone
		{1E032E4E-B4A4-453E-B054-B9B5DF9D07A5}.Debug|iPhone.Deploy.0 = Debug|iPhone
		{1E032E4E-B4A4-453E-B054-B9B5DF9D07A5}.Debug|iPhoneSimulator.ActiveCfg = Debug|iPhoneSimulator
		{1E032E4E-B4A4-453E-B054-B9B5DF9D07A5}.Debug|iPhoneSimulator.Build.0 = Debug|iPhoneSimulator
		{1E032E4E-B4A4-453E-B054-B9B5DF9D07A5}.Debug|iPhoneSimulator.Deploy.0 = Debug|iPhoneSimulator
		{1E032E4E-B4A4-453E-B054-B9B5DF9D07A5}.Release|Any CPU.ActiveCfg = Release|iPhoneSimulator
		{1E032E4E-B4A4-453E-B054-B9B5DF9D07A5}.Release|Any CPU.Build.0 = Release|iPhoneSimulator
		{1E032E4E-B4A4-453E-B054-B9B5DF9D07A5}.Release|Any CPU.Deploy.0 = Release|iPhoneSimulator
		{1E032E4E-B4A4-453E-B054-B9B5DF9D07A5}.Release|iPhone.ActiveCfg = Release|iPhone
		{1E032E4E-B4A4-453E-B054-B9B5DF9D07A5}.Release|iPhone.Build.0 = Release|iPhone
		{1E032E4E-B4A4-453E-B054-B9B5DF9D07A5}.Release|iPhone.Deploy.0 = Release|iPhone
		{1E032E4E-B4A4-453E-B054-B9B5DF9D07A5}.Release|iPhoneSimulator.ActiveCfg = Release|iPhoneSimulator
		{1E032E4E-B4A4-453E-B054-B9B5DF9D07A5}.Release|iPhoneSimulator.Build.0 = Release|iPhoneSimulator
		{1E032E4E-B4A4-453E-B054-B9B5DF9D07A5}.Release|iPhoneSimulator.Deploy.0 = Release|iPhoneSimulator
		{F303EEE3-6015-4BC7-A228-55C9140A2A97}.Debug|Any CPU.ActiveCfg = Debug|Any CPU
		{F303EEE3-6015-4BC7-A228-55C9140A2A97}.Debug|Any CPU.Build.0 = Debug|Any CPU
		{F303EEE3-6015-4BC7-A228-55C9140A2A97}.Debug|Any CPU.Deploy.0 = Debug|Any CPU
		{F303EEE3-6015-4BC7-A228-55C9140A2A97}.Debug|iPhone.ActiveCfg = Debug|Any CPU
		{F303EEE3-6015-4BC7-A228-55C9140A2A97}.Debug|iPhone.Build.0 = Debug|Any CPU
		{F303EEE3-6015-4BC7-A228-55C9140A2A97}.Debug|iPhone.Deploy.0 = Debug|Any CPU
		{F303EEE3-6015-4BC7-A228-55C9140A2A97}.Debug|iPhoneSimulator.ActiveCfg = Debug|Any CPU
		{F303EEE3-6015-4BC7-A228-55C9140A2A97}.Debug|iPhoneSimulator.Build.0 = Debug|Any CPU
		{F303EEE3-6015-4BC7-A228-55C9140A2A97}.Debug|iPhoneSimulator.Deploy.0 = Debug|Any CPU
		{F303EEE3-6015-4BC7-A228-55C9140A2A97}.Release|Any CPU.ActiveCfg = Release|Any CPU
		{F303EEE3-6015-4BC7-A228-55C9140A2A97}.Release|Any CPU.Build.0 = Release|Any CPU
		{F303EEE3-6015-4BC7-A228-55C9140A2A97}.Release|Any CPU.Deploy.0 = Release|Any CPU
		{F303EEE3-6015-4BC7-A228-55C9140A2A97}.Release|iPhone.ActiveCfg = Release|Any CPU
		{F303EEE3-6015-4BC7-A228-55C9140A2A97}.Release|iPhone.Build.0 = Release|Any CPU
		{F303EEE3-6015-4BC7-A228-55C9140A2A97}.Release|iPhone.Deploy.0 = Release|Any CPU
		{F303EEE3-6015-4BC7-A228-55C9140A2A97}.Release|iPhoneSimulator.ActiveCfg = Release|Any CPU
		{F303EEE3-6015-4BC7-A228-55C9140A2A97}.Release|iPhoneSimulator.Build.0 = Release|Any CPU
		{F303EEE3-6015-4BC7-A228-55C9140A2A97}.Release|iPhoneSimulator.Deploy.0 = Release|Any CPU
	EndGlobalSection
	GlobalSection(SolutionProperties) = preSolution
		HideSolutionNode = FALSE
	EndGlobalSection
	GlobalSection(ExtensibilityGlobals) = postSolution
		SolutionGuid = {FFBD5C0F-D653-4A8F-914E-032F221B7BCC}
	EndGlobalSection
EndGlobal
